
Microsoft Visual Studio Solution File, Format Version 12.00
# Visual Studio 15
VisualStudioVersion = 15.0.28307.1321
MinimumVisualStudioVersion = 10.0.40219.1
Project("{FAE04EC0-301F-11D3-BF4B-00C04F79EFBC}") = "deneme", "deneme\deneme.csproj", "{CA3206AE-63E1-4E23-971B-946F48EFB0FA}"
EndProject
Global
	GlobalSection(SolutionConfigurationPlatforms) = preSolution
		Debug|Any CPU = Debug|Any CPU
		Release|Any CPU = Release|Any CPU
	EndGlobalSection
	GlobalSection(ProjectConfigurationPlatforms) = postSolution
		{CA3206AE-63E1-4E23-971B-946F48EFB0FA}.Debug|Any CPU.ActiveCfg = Debug|Any CPU
		{CA3206AE-63E1-4E23-971B-946F48EFB0FA}.Debug|Any CPU.Build.0 = Debug|Any CPU
		{CA3206AE-63E1-4E23-971B-946F48EFB0FA}.Release|Any CPU.ActiveCfg = Release|Any CPU
		{CA3206AE-63E1-4E23-971B-946F48EFB0FA}.Release|Any CPU.Build.0 = Release|Any CPU
	EndGlobalSection
	GlobalSection(SolutionProperties) = preSolution
		HideSolutionNode = FALSE
	EndGlobalSection
	GlobalSection(ExtensibilityGlobals) = postSolution
		SolutionGuid = {5A185CF2-6AA2-42BD-BF41-5CF0387CD401}
	EndGlobalSection
EndGlobal
